
Microsoft Visual Studio Solution File, Format Version 12.00
# Visual Studio Version 17
VisualStudioVersion = 17.6.33829.357
MinimumVisualStudioVersion = 10.0.40219.1
Project("{FAE04EC0-301F-11D3-BF4B-00C04F79EFBC}") = "A-7", "A-7\A-7.csproj", "{2137627C-F3B0-400F-BD71-7E668FD88E79}"
EndProject
Global
	GlobalSection(SolutionConfigurationPlatforms) = preSolution
		Debug|Any CPU = Debug|Any CPU
		Release|Any CPU = Release|Any CPU
	EndGlobalSection
	GlobalSection(ProjectConfigurationPlatforms) = postSolution
		{2137627C-F3B0-400F-BD71-7E668FD88E79}.Debug|Any CPU.ActiveCfg = Debug|Any CPU
		{2137627C-F3B0-400F-BD71-7E668FD88E79}.Debug|Any CPU.Build.0 = Debug|Any CPU
		{2137627C-F3B0-400F-BD71-7E668FD88E79}.Release|Any CPU.ActiveCfg = Release|Any CPU
		{2137627C-F3B0-400F-BD71-7E668FD88E79}.Release|Any CPU.Build.0 = Release|Any CPU
	EndGlobalSection
	GlobalSection(SolutionProperties) = preSolution
		HideSolutionNode = FALSE
	EndGlobalSection
	GlobalSection(ExtensibilityGlobals) = postSolution
		SolutionGuid = {C9574667-5A77-4DFA-A3C7-447AEFE34755}
	EndGlobalSection
EndGlobal
